
Microsoft Visual Studio Solution File, Format Version 12.00
# Visual Studio 15
VisualStudioVersion = 15.0.28307.438
MinimumVisualStudioVersion = 10.0.40219.1
Project("{FAE04EC0-301F-11D3-BF4B-00C04F79EFBC}") = "TWK.Android", "TWK\TWK.Android\TWK.Android.csproj", "{15357600-A82B-499A-99DB-C1ED8CADD0C0}"
EndProject
Project("{FAE04EC0-301F-11D3-BF4B-00C04F79EFBC}") = "TWK.iOS", "TWK\TWK.iOS\TWK.iOS.csproj", "{29F19EA5-ADCF-449B-BF2A-485A5F4CD2B4}"
EndProject
Project("{FAE04EC0-301F-11D3-BF4B-00C04F79EFBC}") = "TWK.UWP", "TWK\TWK.UWP\TWK.UWP.csproj", "{3A8433EA-8BCF-4C3C-9E03-B6AF3632F775}"
EndProject
Project("{FAE04EC0-301F-11D3-BF4B-00C04F79EFBC}") = "TWK", "TWK\TWK\TWK.csproj", "{FDCC75AF-7D59-4109-AEEA-653422E1416F}"
EndProject
Global
	GlobalSection(SolutionConfigurationPlatforms) = preSolution
		Ad-Hoc|Any CPU = Ad-Hoc|Any CPU
		Ad-Hoc|ARM = Ad-Hoc|ARM
		Ad-Hoc|iPhone = Ad-Hoc|iPhone
		Ad-Hoc|iPhoneSimulator = Ad-Hoc|iPhoneSimulator
		Ad-Hoc|x64 = Ad-Hoc|x64
		Ad-Hoc|x86 = Ad-Hoc|x86
		AppStore|Any CPU = AppStore|Any CPU
		AppStore|ARM = AppStore|ARM
		AppStore|iPhone = AppStore|iPhone
		AppStore|iPhoneSimulator = AppStore|iPhoneSimulator
		AppStore|x64 = AppStore|x64
		AppStore|x86 = AppStore|x86
		Debug|Any CPU = Debug|Any CPU
		Debug|ARM = Debug|ARM
		Debug|iPhone = Debug|iPhone
		Debug|iPhoneSimulator = Debug|iPhoneSimulator
		Debug|x64 = Debug|x64
		Debug|x86 = Debug|x86
		Release|Any CPU = Release|Any CPU
		Release|ARM = Release|ARM
		Release|iPhone = Release|iPhone
		Release|iPhoneSimulator = Release|iPhoneSimulator
		Release|x64 = Release|x64
		Release|x86 = Release|x86
	EndGlobalSection
	GlobalSection(ProjectConfigurationPlatforms) = postSolution
		{15357600-A82B-499A-99DB-C1ED8CADD0C0}.Ad-Hoc|Any CPU.ActiveCfg = Release|Any CPU
		{15357600-A82B-499A-99DB-C1ED8CADD0C0}.Ad-Hoc|Any CPU.Build.0 = Release|Any CPU
		{15357600-A82B-499A-99DB-C1ED8CADD0C0}.Ad-Hoc|Any CPU.Deploy.0 = Release|Any CPU
		{15357600-A82B-499A-99DB-C1ED8CADD0C0}.Ad-Hoc|ARM.ActiveCfg = Release|Any CPU
		{15357600-A82B-499A-99DB-C1ED8CADD0C0}.Ad-Hoc|ARM.Build.0 = Release|Any CPU
		{15357600-A82B-499A-99DB-C1ED8CADD0C0}.Ad-Hoc|ARM.Deploy.0 = Release|Any CPU
		{15357600-A82B-499A-99DB-C1ED8CADD0C0}.Ad-Hoc|iPhone.ActiveCfg = Release|Any CPU
		{15357600-A82B-499A-99DB-C1ED8CADD0C0}.Ad-Hoc|iPhone.Build.0 = Release|Any CPU
		{15357600-A82B-499A-99DB-C1ED8CADD0C0}.Ad-Hoc|iPhone.Deploy.0 = Release|Any CPU
		{15357600-A82B-499A-99DB-C1ED8CADD0C0}.Ad-Hoc|iPhoneSimulator.ActiveCfg = Release|Any CPU
		{15357600-A82B-499A-99DB-C1ED8CADD0C0}.Ad-Hoc|iPhoneSimulator.Build.0 = Release|Any CPU
		{15357600-A82B-499A-99DB-C1ED8CADD0C0}.Ad-Hoc|iPhoneSimulator.Deploy.0 = Release|Any CPU
		{15357600-A82B-499A-99DB-C1ED8CADD0C0}.Ad-Hoc|x64.ActiveCfg = Release|Any CPU
		{15357600-A82B-499A-99DB-C1ED8CADD0C0}.Ad-Hoc|x64.Build.0 = Release|Any CPU
		{15357600-A82B-499A-99DB-C1ED8CADD0C0}.Ad-Hoc|x64.Deploy.0 = Release|Any CPU
		{15357600-A82B-499A-99DB-C1ED8CADD0C0}.Ad-Hoc|x86.ActiveCfg = Release|Any CPU
		{15357600-A82B-499A-99DB-C1ED8CADD0C0}.Ad-Hoc|x86.Build.0 = Release|Any CPU
		{15357600-A82B-499A-99DB-C1ED8CADD0C0}.Ad-Hoc|x86.Deploy.0 = Release|Any CPU
		{15357600-A82B-499A-99DB-C1ED8CADD0C0}.AppStore|Any CPU.ActiveCfg = Release|Any CPU
		{15357600-A82B-499A-99DB-C1ED8CADD0C0}.AppStore|Any CPU.Build.0 = Release|Any CPU
		{15357600-A82B-499A-99DB-C1ED8CADD0C0}.AppStore|Any CPU.Deploy.0 = Release|Any CPU
		{15357600-A82B-499A-99DB-C1ED8CADD0C0}.AppStore|ARM.ActiveCfg = Release|Any CPU
		{15357600-A82B-499A-99DB-C1ED8CADD0C0}.AppStore|ARM.Build.0 = Release|Any CPU
		{15357600-A82B-499A-99DB-C1ED8CADD0C0}.AppStore|ARM.Deploy.0 = Release|Any CPU
		{15357600-A82B-499A-99DB-C1ED8CADD0C0}.AppStore|iPhone.ActiveCfg = Release|Any CPU
		{15357600-A82B-499A-99DB-C1ED8CADD0C0}.AppStore|iPhone.Build.0 = Release|Any CPU
		{15357600-A82B-499A-99DB-C1ED8CADD0C0}.AppStore|iPhone.Deploy.0 = Release|Any CPU
		{15357600-A82B-499A-99DB-C1ED8CADD0C0}.AppStore|iPhoneSimulator.ActiveCfg = Release|Any CPU
		{15357600-A82B-499A-99DB-C1ED8CADD0C0}.AppStore|iPhoneSimulator.Build.0 = Release|Any CPU
		{15357600-A82B-499A-99DB-C1ED8CADD0C0}.AppStore|iPhoneSimulator.Deploy.0 = Release|Any CPU
		{15357600-A82B-499A-99DB-C1ED8CADD0C0}.AppStore|x64.ActiveCfg = Release|Any CPU
		{15357600-A82B-499A-99DB-C1ED8CADD0C0}.AppStore|x64.Build.0 = Release|Any CPU
		{15357600-A82B-499A-99DB-C1ED8CADD0C0}.AppStore|x64.Deploy.0 = Release|Any CPU
		{15357600-A82B-499A-99DB-C1ED8CADD0C0}.AppStore|x86.ActiveCfg = Release|Any CPU
		{15357600-A82B-499A-99DB-C1ED8CADD0C0}.AppStore|x86.Build.0 = Release|Any CPU
		{15357600-A82B-499A-99DB-C1ED8CADD0C0}.AppStore|x86.Deploy.0 = Release|Any CPU
		{15357600-A82B-499A-99DB-C1ED8CADD0C0}.Debug|Any CPU.ActiveCfg = Debug|Any CPU
		{15357600-A82B-499A-99DB-C1ED8CADD0C0}.Debug|Any CPU.Build.0 = Debug|Any CPU
		{15357600-A82B-499A-99DB-C1ED8CADD0C0}.Debug|Any CPU.Deploy.0 = Debug|Any CPU
		{15357600-A82B-499A-99DB-C1ED8CADD0C0}.Debug|ARM.ActiveCfg = Debug|Any CPU
		{15357600-A82B-499A-99DB-C1ED8CADD0C0}.Debug|ARM.Build.0 = Debug|Any CPU
		{15357600-A82B-499A-99DB-C1ED8CADD0C0}.Debug|ARM.Deploy.0 = Debug|Any CPU
		{15357600-A82B-499A-99DB-C1ED8CADD0C0}.Debug|iPhone.ActiveCfg = Debug|Any CPU
		{15357600-A82B-499A-99DB-C1ED8CADD0C0}.Debug|iPhone.Build.0 = Debug|Any CPU
		{15357600-A82B-499A-99DB-C1ED8CADD0C0}.Debug|iPhone.Deploy.0 = Debug|Any CPU
		{15357600-A82B-499A-99DB-C1ED8CADD0C0}.Debug|iPhoneSimulator.ActiveCfg = Debug|Any CPU
		{15357600-A82B-499A-99DB-C1ED8CADD0C0}.Debug|iPhoneSimulator.Build.0 = Debug|Any CPU
		{15357600-A82B-499A-99DB-C1ED8CADD0C0}.Debug|iPhoneSimulator.Deploy.0 = Debug|Any CPU
		{15357600-A82B-499A-99DB-C1ED8CADD0C0}.Debug|x64.ActiveCfg = Debug|Any CPU
		{15357600-A82B-499A-99DB-C1ED8CADD0C0}.Debug|x64.Build.0 = Debug|Any CPU
		{15357600-A82B-499A-99DB-C1ED8CADD0C0}.Debug|x64.Deploy.0 = Debug|Any CPU
		{15357600-A82B-499A-99DB-C1ED8CADD0C0}.Debug|x86.ActiveCfg = Debug|Any CPU
		{15357600-A82B-499A-99DB-C1ED8CADD0C0}.Debug|x86.Build.0 = Debug|Any CPU
		{15357600-A82B-499A-99DB-C1ED8CADD0C0}.Debug|x86.Deploy.0 = Debug|Any CPU
		{15357600-A82B-499A-99DB-C1ED8CADD0C0}.Release|Any CPU.ActiveCfg = Release|Any CPU
		{15357600-A82B-499A-99DB-C1ED8CADD0C0}.Release|Any CPU.Build.0 = Release|Any CPU
		{15357600-A82B-499A-99DB-C1ED8CADD0C0}.Release|Any CPU.Deploy.0 = Release|Any CPU
		{15357600-A82B-499A-99DB-C1ED8CADD0C0}.Release|ARM.ActiveCfg = Release|Any CPU
		{15357600-A82B-499A-99DB-C1ED8CADD0C0}.Release|ARM.Build.0 = Release|Any CPU
		{15357600-A82B-499A-99DB-C1ED8CADD0C0}.Release|ARM.Deploy.0 = Release|Any CPU
		{15357600-A82B-499A-99DB-C1ED8CADD0C0}.Release|iPhone.ActiveCfg = Release|Any CPU
		{15357600-A82B-499A-99DB-C1ED8CADD0C0}.Release|iPhone.Build.0 = Release|Any CPU
		{15357600-A82B-499A-99DB-C1ED8CADD0C0}.Release|iPhone.Deploy.0 = Release|Any CPU
		{15357600-A82B-499A-99DB-C1ED8CADD0C0}.Release|iPhoneSimulator.ActiveCfg = Release|Any CPU
		{15357600-A82B-499A-99DB-C1ED8CADD0C0}.Release|iPhoneSimulator.Build.0 = Release|Any CPU
		{15357600-A82B-499A-99DB-C1ED8CADD0C0}.Release|iPhoneSimulator.Deploy.0 = Release|Any CPU
		{15357600-A82B-499A-99DB-C1ED8CADD0C0}.Release|x64.ActiveCfg = Release|Any CPU
		{15357600-A82B-499A-99DB-C1ED8CADD0C0}.Release|x64.Build.0 = Release|Any CPU
		{15357600-A82B-499A-99DB-C1ED8CADD0C0}.Release|x64.Deploy.0 = Release|Any CPU
		{15357600-A82B-499A-99DB-C1ED8CADD0C0}.Release|x86.ActiveCfg = Release|Any CPU
		{15357600-A82B-499A-99DB-C1ED8CADD0C0}.Release|x86.Build.0 = Release|Any CPU
		{15357600-A82B-499A-99DB-C1ED8CADD0C0}.Release|x86.Deploy.0 = Release|Any CPU
		{29F19EA5-ADCF-449B-BF2A-485A5F4CD2B4}.Ad-Hoc|Any CPU.ActiveCfg = Ad-Hoc|iPhone
		{29F19EA5-ADCF-449B-BF2A-485A5F4CD2B4}.Ad-Hoc|Any CPU.Build.0 = Ad-Hoc|iPhone
		{29F19EA5-ADCF-449B-BF2A-485A5F4CD2B4}.Ad-Hoc|Any CPU.Deploy.0 = Ad-Hoc|iPhone
		{29F19EA5-ADCF-449B-BF2A-485A5F4CD2B4}.Ad-Hoc|ARM.ActiveCfg = Ad-Hoc|iPhone
		{29F19EA5-ADCF-449B-BF2A-485A5F4CD2B4}.Ad-Hoc|ARM.Build.0 = Ad-Hoc|iPhone
		{29F19EA5-ADCF-449B-BF2A-485A5F4CD2B4}.Ad-Hoc|ARM.Deploy.0 = Ad-Hoc|iPhone
		{29F19EA5-ADCF-449B-BF2A-485A5F4CD2B4}.Ad-Hoc|iPhone.ActiveCfg = Ad-Hoc|iPhone
		{29F19EA5-ADCF-449B-BF2A-485A5F4CD2B4}.Ad-Hoc|iPhone.Build.0 = Ad-Hoc|iPhone
		{29F19EA5-ADCF-449B-BF2A-485A5F4CD2B4}.Ad-Hoc|iPhone.Deploy.0 = Ad-Hoc|iPhone
		{29F19EA5-ADCF-449B-BF2A-485A5F4CD2B4}.Ad-Hoc|iPhoneSimulator.ActiveCfg = Ad-Hoc|iPhoneSimulator
		{29F19EA5-ADCF-449B-BF2A-485A5F4CD2B4}.Ad-Hoc|iPhoneSimulator.Build.0 = Ad-Hoc|iPhoneSimulator
		{29F19EA5-ADCF-449B-BF2A-485A5F4CD2B4}.Ad-Hoc|iPhoneSimulator.Deploy.0 = Ad-Hoc|iPhoneSimulator
		{29F19EA5-ADCF-449B-BF2A-485A5F4CD2B4}.Ad-Hoc|x64.ActiveCfg = Ad-Hoc|iPhone
		{29F19EA5-ADCF-449B-BF2A-485A5F4CD2B4}.Ad-Hoc|x64.Build.0 = Ad-Hoc|iPhone
		{29F19EA5-ADCF-449B-BF2A-485A5F4CD2B4}.Ad-Hoc|x64.Deploy.0 = Ad-Hoc|iPhone
		{29F19EA5-ADCF-449B-BF2A-485A5F4CD2B4}.Ad-Hoc|x86.ActiveCfg = Ad-Hoc|iPhone
		{29F19EA5-ADCF-449B-BF2A-485A5F4CD2B4}.Ad-Hoc|x86.Build.0 = Ad-Hoc|iPhone
		{29F19EA5-ADCF-449B-BF2A-485A5F4CD2B4}.Ad-Hoc|x86.Deploy.0 = Ad-Hoc|iPhone
		{29F19EA5-ADCF-449B-BF2A-485A5F4CD2B4}.AppStore|Any CPU.ActiveCfg = AppStore|iPhone
		{29F19EA5-ADCF-449B-BF2A-485A5F4CD2B4}.AppStore|Any CPU.Build.0 = AppStore|iPhone
		{29F19EA5-ADCF-449B-BF2A-485A5F4CD2B4}.AppStore|Any CPU.Deploy.0 = AppStore|iPhone
		{29F19EA5-ADCF-449B-BF2A-485A5F4CD2B4}.AppStore|ARM.ActiveCfg = AppStore|iPhone
		{29F19EA5-ADCF-449B-BF2A-485A5F4CD2B4}.AppStore|ARM.Build.0 = AppStore|iPhone
		{29F19EA5-ADCF-449B-BF2A-485A5F4CD2B4}.AppStore|ARM.Deploy.0 = AppStore|iPhone
		{29F19EA5-ADCF-449B-BF2A-485A5F4CD2B4}.AppStore|iPhone.ActiveCfg = AppStore|iPhone
		{29F19EA5-ADCF-449B-BF2A-485A5F4CD2B4}.AppStore|iPhone.Build.0 = AppStore|iPhone
		{29F19EA5-ADCF-449B-BF2A-485A5F4CD2B4}.AppStore|iPhone.Deploy.0 = AppStore|iPhone
		{29F19EA5-ADCF-449B-BF2A-485A5F4CD2B4}.AppStore|iPhoneSimulator.ActiveCfg = AppStore|iPhoneSimulator
		{29F19EA5-ADCF-449B-BF2A-485A5F4CD2B4}.AppStore|iPhoneSimulator.Build.0 = AppStore|iPhoneSimulator
		{29F19EA5-ADCF-449B-BF2A-485A5F4CD2B4}.AppStore|iPhoneSimulator.Deploy.0 = AppStore|iPhoneSimulator
		{29F19EA5-ADCF-449B-BF2A-485A5F4CD2B4}.AppStore|x64.ActiveCfg = AppStore|iPhone
		{29F19EA5-ADCF-449B-BF2A-485A5F4CD2B4}.AppStore|x64.Build.0 = AppStore|iPhone
		{29F19EA5-ADCF-449B-BF2A-485A5F4CD2B4}.AppStore|x64.Deploy.0 = AppStore|iPhone
		{29F19EA5-ADCF-449B-BF2A-485A5F4CD2B4}.AppStore|x86.ActiveCfg = AppStore|iPhone
		{29F19EA5-ADCF-449B-BF2A-485A5F4CD2B4}.AppStore|x86.Build.0 = AppStore|iPhone
		{29F19EA5-ADCF-449B-BF2A-485A5F4CD2B4}.AppStore|x86.Deploy.0 = AppStore|iPhone
		{29F19EA5-ADCF-449B-BF2A-485A5F4CD2B4}.Debug|Any CPU.ActiveCfg = Debug|iPhoneSimulator
		{29F19EA5-ADCF-449B-BF2A-485A5F4CD2B4}.Debug|Any CPU.Build.0 = Debug|iPhoneSimulator
		{29F19EA5-ADCF-449B-BF2A-485A5F4CD2B4}.Debug|Any CPU.Deploy.0 = Debug|iPhoneSimulator
		{29F19EA5-ADCF-449B-BF2A-485A5F4CD2B4}.Debug|ARM.ActiveCfg = Debug|iPhone
		{29F19EA5-ADCF-449B-BF2A-485A5F4CD2B4}.Debug|ARM.Build.0 = Debug|iPhone
		{29F19EA5-ADCF-449B-BF2A-485A5F4CD2B4}.Debug|ARM.Deploy.0 = Debug|iPhone
		{29F19EA5-ADCF-449B-BF2A-485A5F4CD2B4}.Debug|iPhone.ActiveCfg = Debug|iPhone
		{29F19EA5-ADCF-449B-BF2A-485A5F4CD2B4}.Debug|iPhone.Build.0 = Debug|iPhone
		{29F19EA5-ADCF-449B-BF2A-485A5F4CD2B4}.Debug|iPhone.Deploy.0 = Debug|iPhone
		{29F19EA5-ADCF-449B-BF2A-485A5F4CD2B4}.Debug|iPhoneSimulator.ActiveCfg = Debug|iPhoneSimulator
		{29F19EA5-ADCF-449B-BF2A-485A5F4CD2B4}.Debug|iPhoneSimulator.Build.0 = Debug|iPhoneSimulator
		{29F19EA5-ADCF-449B-BF2A-485A5F4CD2B4}.Debug|iPhoneSimulator.Deploy.0 = Debug|iPhoneSimulator
		{29F19EA5-ADCF-449B-BF2A-485A5F4CD2B4}.Debug|x64.ActiveCfg = Debug|iPhone
		{29F19EA5-ADCF-449B-BF2A-485A5F4CD2B4}.Debug|x64.Build.0 = Debug|iPhone
		{29F19EA5-ADCF-449B-BF2A-485A5F4CD2B4}.Debug|x64.Deploy.0 = Debug|iPhone
		{29F19EA5-ADCF-449B-BF2A-485A5F4CD2B4}.Debug|x86.ActiveCfg = Debug|iPhone
		{29F19EA5-ADCF-449B-BF2A-485A5F4CD2B4}.Debug|x86.Build.0 = Debug|iPhone
		{29F19EA5-ADCF-449B-BF2A-485A5F4CD2B4}.Debug|x86.Deploy.0 = Debug|iPhone
		{29F19EA5-ADCF-449B-BF2A-485A5F4CD2B4}.Release|Any CPU.ActiveCfg = Release|iPhone
		{29F19EA5-ADCF-449B-BF2A-485A5F4CD2B4}.Release|Any CPU.Build.0 = Release|iPhone
		{29F19EA5-ADCF-449B-BF2A-485A5F4CD2B4}.Release|Any CPU.Deploy.0 = Release|iPhone
		{29F19EA5-ADCF-449B-BF2A-485A5F4CD2B4}.Release|ARM.ActiveCfg = Release|iPhone
		{29F19EA5-ADCF-449B-BF2A-485A5F4CD2B4}.Release|ARM.Build.0 = Release|iPhone
		{29F19EA5-ADCF-449B-BF2A-485A5F4CD2B4}.Release|ARM.Deploy.0 = Release|iPhone
		{29F19EA5-ADCF-449B-BF2A-485A5F4CD2B4}.Release|iPhone.ActiveCfg = Release|iPhone
		{29F19EA5-ADCF-449B-BF2A-485A5F4CD2B4}.Release|iPhone.Build.0 = Release|iPhone
		{29F19EA5-ADCF-449B-BF2A-485A5F4CD2B4}.Release|iPhone.Deploy.0 = Release|iPhone
		{29F19EA5-ADCF-449B-BF2A-485A5F4CD2B4}.Release|iPhoneSimulator.ActiveCfg = Release|iPhoneSimulator
		{29F19EA5-ADCF-449B-BF2A-485A5F4CD2B4}.Release|iPhoneSimulator.Build.0 = Release|iPhoneSimulator
		{29F19EA5-ADCF-449B-BF2A-485A5F4CD2B4}.Release|iPhoneSimulator.Deploy.0 = Release|iPhoneSimulator
		{29F19EA5-ADCF-449B-BF2A-485A5F4CD2B4}.Release|x64.ActiveCfg = Release|iPhone
		{29F19EA5-ADCF-449B-BF2A-485A5F4CD2B4}.Release|x64.Build.0 = Release|iPhone
		{29F19EA5-ADCF-449B-BF2A-485A5F4CD2B4}.Release|x64.Deploy.0 = Release|iPhone
		{29F19EA5-ADCF-449B-BF2A-485A5F4CD2B4}.Release|x86.ActiveCfg = Release|iPhone
		{29F19EA5-ADCF-449B-BF2A-485A5F4CD2B4}.Release|x86.Build.0 = Release|iPhone
		{29F19EA5-ADCF-449B-BF2A-485A5F4CD2B4}.Release|x86.Deploy.0 = Release|iPhone
		{3A8433EA-8BCF-4C3C-9E03-B6AF3632F775}.Ad-Hoc|Any CPU.ActiveCfg = Release|x86
		{3A8433EA-8BCF-4C3C-9E03-B6AF3632F775}.Ad-Hoc|Any CPU.Build.0 = Release|x86
		{3A8433EA-8BCF-4C3C-9E03-B6AF3632F775}.Ad-Hoc|Any CPU.Deploy.0 = Release|x86
		{3A8433EA-8BCF-4C3C-9E03-B6AF3632F775}.Ad-Hoc|ARM.ActiveCfg = Release|ARM
		{3A8433EA-8BCF-4C3C-9E03-B6AF3632F775}.Ad-Hoc|ARM.Build.0 = Release|ARM
		{3A8433EA-8BCF-4C3C-9E03-B6AF3632F775}.Ad-Hoc|ARM.Deploy.0 = Release|ARM
		{3A8433EA-8BCF-4C3C-9E03-B6AF3632F775}.Ad-Hoc|iPhone.ActiveCfg = Release|x86
		{3A8433EA-8BCF-4C3C-9E03-B6AF3632F775}.Ad-Hoc|iPhone.Build.0 = Release|x86
		{3A8433EA-8BCF-4C3C-9E03-B6AF3632F775}.Ad-Hoc|iPhone.Deploy.0 = Release|x86
		{3A8433EA-8BCF-4C3C-9E03-B6AF3632F775}.Ad-Hoc|iPhoneSimulator.ActiveCfg = Release|x86
		{3A8433EA-8BCF-4C3C-9E03-B6AF3632F775}.Ad-Hoc|iPhoneSimulator.Build.0 = Release|x86
		{3A8433EA-8BCF-4C3C-9E03-B6AF3632F775}.Ad-Hoc|iPhoneSimulator.Deploy.0 = Release|x86
		{3A8433EA-8BCF-4C3C-9E03-B6AF3632F775}.Ad-Hoc|x64.ActiveCfg = Release|x64
		{3A8433EA-8BCF-4C3C-9E03-B6AF3632F775}.Ad-Hoc|x64.Build.0 = Release|x64
		{3A8433EA-8BCF-4C3C-9E03-B6AF3632F775}.Ad-Hoc|x64.Deploy.0 = Release|x64
		{3A8433EA-8BCF-4C3C-9E03-B6AF3632F775}.Ad-Hoc|x86.ActiveCfg = Release|x86
		{3A8433EA-8BCF-4C3C-9E03-B6AF3632F775}.Ad-Hoc|x86.Build.0 = Release|x86
		{3A8433EA-8BCF-4C3C-9E03-B6AF3632F775}.Ad-Hoc|x86.Deploy.0 = Release|x86
		{3A8433EA-8BCF-4C3C-9E03-B6AF3632F775}.AppStore|Any CPU.ActiveCfg = Release|x86
		{3A8433EA-8BCF-4C3C-9E03-B6AF3632F775}.AppStore|Any CPU.Build.0 = Release|x86
		{3A8433EA-8BCF-4C3C-9E03-B6AF3632F775}.AppStore|Any CPU.Deploy.0 = Release|x86
		{3A8433EA-8BCF-4C3C-9E03-B6AF3632F775}.AppStore|ARM.ActiveCfg = Release|ARM
		{3A8433EA-8BCF-4C3C-9E03-B6AF3632F775}.AppStore|ARM.Build.0 = Release|ARM
		{3A8433EA-8BCF-4C3C-9E03-B6AF3632F775}.AppStore|ARM.Deploy.0 = Release|ARM
		{3A8433EA-8BCF-4C3C-9E03-B6AF3632F775}.AppStore|iPhone.ActiveCfg = Release|x86
		{3A8433EA-8BCF-4C3C-9E03-B6AF3632F775}.AppStore|iPhone.Build.0 = Release|x86
		{3A8433EA-8BCF-4C3C-9E03-B6AF3632F775}.AppStore|iPhone.Deploy.0 = Release|x86
		{3A8433EA-8BCF-4C3C-9E03-B6AF3632F775}.AppStore|iPhoneSimulator.ActiveCfg = Release|x86
		{3A8433EA-8BCF-4C3C-9E03-B6AF3632F775}.AppStore|iPhoneSimulator.Build.0 = Release|x86
		{3A8433EA-8BCF-4C3C-9E03-B6AF3632F775}.AppStore|iPhoneSimulator.Deploy.0 = Release|x86
		{3A8433EA-8BCF-4C3C-9E03-B6AF3632F775}.AppStore|x64.ActiveCfg = Release|x64
		{3A8433EA-8BCF-4C3C-9E03-B6AF3632F775}.AppStore|x64.Build.0 = Release|x64
		{3A8433EA-8BCF-4C3C-9E03-B6AF3632F775}.AppStore|x64.Deploy.0 = Release|x64
		{3A8433EA-8BCF-4C3C-9E03-B6AF3632F775}.AppStore|x86.ActiveCfg = Release|x86
		{3A8433EA-8BCF-4C3C-9E03-B6AF3632F775}.AppStore|x86.Build.0 = Release|x86
		{3A8433EA-8BCF-4C3C-9E03-B6AF3632F775}.AppStore|x86.Deploy.0 = Release|x86
		{3A8433EA-8BCF-4C3C-9E03-B6AF3632F775}.Debug|Any CPU.ActiveCfg = Debug|x86
		{3A8433EA-8BCF-4C3C-9E03-B6AF3632F775}.Debug|Any CPU.Build.0 = Debug|x86
		{3A8433EA-8BCF-4C3C-9E03-B6AF3632F775}.Debug|Any CPU.Deploy.0 = Debug|x86
		{3A8433EA-8BCF-4C3C-9E03-B6AF3632F775}.Debug|ARM.ActiveCfg = Debug|ARM
		{3A8433EA-8BCF-4C3C-9E03-B6AF3632F775}.Debug|ARM.Build.0 = Debug|ARM
		{3A8433EA-8BCF-4C3C-9E03-B6AF3632F775}.Debug|ARM.Deploy.0 = Debug|ARM
		{3A8433EA-8BCF-4C3C-9E03-B6AF3632F775}.Debug|iPhone.ActiveCfg = Debug|x86
		{3A8433EA-8BCF-4C3C-9E03-B6AF3632F775}.Debug|iPhone.Build.0 = Debug|x86
		{3A8433EA-8BCF-4C3C-9E03-B6AF3632F775}.Debug|iPhone.Deploy.0 = Debug|x86
		{3A8433EA-8BCF-4C3C-9E03-B6AF3632F775}.Debug|iPhoneSimulator.ActiveCfg = Debug|x86
		{3A8433EA-8BCF-4C3C-9E03-B6AF3632F775}.Debug|iPhoneSimulator.Build.0 = Debug|x86
		{3A8433EA-8BCF-4C3C-9E03-B6AF3632F775}.Debug|iPhoneSimulator.Deploy.0 = Debug|x86
		{3A8433EA-8BCF-4C3C-9E03-B6AF3632F775}.Debug|x64.ActiveCfg = Debug|x64
		{3A8433EA-8BCF-4C3C-9E03-B6AF3632F775}.Debug|x64.Build.0 = Debug|x64
		{3A8433EA-8BCF-4C3C-9E03-B6AF3632F775}.Debug|x64.Deploy.0 = Debug|x64
		{3A8433EA-8BCF-4C3C-9E03-B6AF3632F775}.Debug|x86.ActiveCfg = Debug|x86
		{3A8433EA-8BCF-4C3C-9E03-B6AF3632F775}.Debug|x86.Build.0 = Debug|x86
		{3A8433EA-8BCF-4C3C-9E03-B6AF3632F775}.Debug|x86.Deploy.0 = Debug|x86
		{3A8433EA-8BCF-4C3C-9E03-B6AF3632F775}.Release|Any CPU.ActiveCfg = Release|x86
		{3A8433EA-8BCF-4C3C-9E03-B6AF3632F775}.Release|Any CPU.Build.0 = Release|x86
		{3A8433EA-8BCF-4C3C-9E03-B6AF3632F775}.Release|Any CPU.Deploy.0 = Release|x86
		{3A8433EA-8BCF-4C3C-9E03-B6AF3632F775}.Release|ARM.ActiveCfg = Release|ARM
		{3A8433EA-8BCF-4C3C-9E03-B6AF3632F775}.Release|ARM.Build.0 = Release|ARM
		{3A8433EA-8BCF-4C3C-9E03-B6AF3632F775}.Release|ARM.Deploy.0 = Release|ARM
		{3A8433EA-8BCF-4C3C-9E03-B6AF3632F775}.Release|iPhone.ActiveCfg = Release|x86
		{3A8433EA-8BCF-4C3C-9E03-B6AF3632F775}.Release|iPhone.Build.0 = Release|x86
		{3A8433EA-8BCF-4C3C-9E03-B6AF3632F775}.Release|iPhone.Deploy.0 = Release|x86
		{3A8433EA-8BCF-4C3C-9E03-B6AF3632F775}.Release|iPhoneSimulator.ActiveCfg = Release|x86
		{3A8433EA-8BCF-4C3C-9E03-B6AF3632F775}.Release|iPhoneSimulator.Build.0 = Release|x86
		{3A8433EA-8BCF-4C3C-9E03-B6AF3632F775}.Release|iPhoneSimulator.Deploy.0 = Release|x86
		{3A8433EA-8BCF-4C3C-9E03-B6AF3632F775}.Release|x64.ActiveCfg = Release|x64
		{3A8433EA-8BCF-4C3C-9E03-B6AF3632F775}.Release|x64.Build.0 = Release|x64
		{3A8433EA-8BCF-4C3C-9E03-B6AF3632F775}.Release|x64.Deploy.0 = Release|x64
		{3A8433EA-8BCF-4C3C-9E03-B6AF3632F775}.Release|x86.ActiveCfg = Release|x86
		{3A8433EA-8BCF-4C3C-9E03-B6AF3632F775}.Release|x86.Build.0 = Release|x86
		{3A8433EA-8BCF-4C3C-9E03-B6AF3632F775}.Release|x86.Deploy.0 = Release|x86
		{FDCC75AF-7D59-4109-AEEA-653422E1416F}.Ad-Hoc|Any CPU.ActiveCfg = Debug|Any CPU
		{FDCC75AF-7D59-4109-AEEA-653422E1416F}.Ad-Hoc|Any CPU.Build.0 = Debug|Any CPU
		{FDCC75AF-7D59-4109-AEEA-653422E1416F}.Ad-Hoc|Any CPU.Deploy.0 = Debug|Any CPU
		{FDCC75AF-7D59-4109-AEEA-653422E1416F}.Ad-Hoc|ARM.ActiveCfg = Debug|Any CPU
		{FDCC75AF-7D59-4109-AEEA-653422E1416F}.Ad-Hoc|ARM.Build.0 = Debug|Any CPU
		{FDCC75AF-7D59-4109-AEEA-653422E1416F}.Ad-Hoc|ARM.Deploy.0 = Debug|Any CPU
		{FDCC75AF-7D59-4109-AEEA-653422E1416F}.Ad-Hoc|iPhone.ActiveCfg = Debug|Any CPU
		{FDCC75AF-7D59-4109-AEEA-653422E1416F}.Ad-Hoc|iPhone.Build.0 = Debug|Any CPU
		{FDCC75AF-7D59-4109-AEEA-653422E1416F}.Ad-Hoc|iPhone.Deploy.0 = Debug|Any CPU
		{FDCC75AF-7D59-4109-AEEA-653422E1416F}.Ad-Hoc|iPhoneSimulator.ActiveCfg = Debug|Any CPU
		{FDCC75AF-7D59-4109-AEEA-653422E1416F}.Ad-Hoc|iPhoneSimulator.Build.0 = Debug|Any CPU
		{FDCC75AF-7D59-4109-AEEA-653422E1416F}.Ad-Hoc|iPhoneSimulator.Deploy.0 = Debug|Any CPU
		{FDCC75AF-7D59-4109-AEEA-653422E1416F}.Ad-Hoc|x64.ActiveCfg = Debug|Any CPU
		{FDCC75AF-7D59-4109-AEEA-653422E1416F}.Ad-Hoc|x64.Build.0 = Debug|Any CPU
		{FDCC75AF-7D59-4109-AEEA-653422E1416F}.Ad-Hoc|x64.Deploy.0 = Debug|Any CPU
		{FDCC75AF-7D59-4109-AEEA-653422E1416F}.Ad-Hoc|x86.ActiveCfg = Debug|Any CPU
		{FDCC75AF-7D59-4109-AEEA-653422E1416F}.Ad-Hoc|x86.Build.0 = Debug|Any CPU
		{FDCC75AF-7D59-4109-AEEA-653422E1416F}.Ad-Hoc|x86.Deploy.0 = Debug|Any CPU
		{FDCC75AF-7D59-4109-AEEA-653422E1416F}.AppStore|Any CPU.ActiveCfg = Debug|Any CPU
		{FDCC75AF-7D59-4109-AEEA-653422E1416F}.AppStore|Any CPU.Build.0 = Debug|Any CPU
		{FDCC75AF-7D59-4109-AEEA-653422E1416F}.AppStore|Any CPU.Deploy.0 = Debug|Any CPU
		{FDCC75AF-7D59-4109-AEEA-653422E1416F}.AppStore|ARM.ActiveCfg = Debug|Any CPU
		{FDCC75AF-7D59-4109-AEEA-653422E1416F}.AppStore|ARM.Build.0 = Debug|Any CPU
		{FDCC75AF-7D59-4109-AEEA-653422E1416F}.AppStore|ARM.Deploy.0 = Debug|Any CPU
		{FDCC75AF-7D59-4109-AEEA-653422E1416F}.AppStore|iPhone.ActiveCfg = Debug|Any CPU
		{FDCC75AF-7D59-4109-AEEA-653422E1416F}.AppStore|iPhone.Build.0 = Debug|Any CPU
		{FDCC75AF-7D59-4109-AEEA-653422E1416F}.AppStore|iPhone.Deploy.0 = Debug|Any CPU
		{FDCC75AF-7D59-4109-AEEA-653422E1416F}.AppStore|iPhoneSimulator.ActiveCfg = Debug|Any CPU
		{FDCC75AF-7D59-4109-AEEA-653422E1416F}.AppStore|iPhoneSimulator.Build.0 = Debug|Any CPU
		{FDCC75AF-7D59-4109-AEEA-653422E1416F}.AppStore|iPhoneSimulator.Deploy.0 = Debug|Any CPU
		{FDCC75AF-7D59-4109-AEEA-653422E1416F}.AppStore|x64.ActiveCfg = Debug|Any CPU
		{FDCC75AF-7D59-4109-AEEA-653422E1416F}.AppStore|x64.Build.0 = Debug|Any CPU
		{FDCC75AF-7D59-4109-AEEA-653422E1416F}.AppStore|x64.Deploy.0 = Debug|Any CPU
		{FDCC75AF-7D59-4109-AEEA-653422E1416F}.AppStore|x86.ActiveCfg = Debug|Any CPU
		{FDCC75AF-7D59-4109-AEEA-653422E1416F}.AppStore|x86.Build.0 = Debug|Any CPU
		{FDCC75AF-7D59-4109-AEEA-653422E1416F}.AppStore|x86.Deploy.0 = Debug|Any CPU
		{FDCC75AF-7D59-4109-AEEA-653422E1416F}.Debug|Any CPU.ActiveCfg = Debug|Any CPU
		{FDCC75AF-7D59-4109-AEEA-653422E1416F}.Debug|Any CPU.Build.0 = Debug|Any CPU
		{FDCC75AF-7D59-4109-AEEA-653422E1416F}.Debug|Any CPU.Deploy.0 = Debug|Any CPU
		{FDCC75AF-7D59-4109-AEEA-653422E1416F}.Debug|ARM.ActiveCfg = Debug|Any CPU
		{FDCC75AF-7D59-4109-AEEA-653422E1416F}.Debug|ARM.Build.0 = Debug|Any CPU
		{FDCC75AF-7D59-4109-AEEA-653422E1416F}.Debug|ARM.Deploy.0 = Debug|Any CPU
		{FDCC75AF-7D59-4109-AEEA-653422E1416F}.Debug|iPhone.ActiveCfg = Debug|Any CPU
		{FDCC75AF-7D59-4109-AEEA-653422E1416F}.Debug|iPhone.Build.0 = Debug|Any CPU
		{FDCC75AF-7D59-4109-AEEA-653422E1416F}.Debug|iPhone.Deploy.0 = Debug|Any CPU
		{FDCC75AF-7D59-4109-AEEA-653422E1416F}.Debug|iPhoneSimulator.ActiveCfg = Debug|Any CPU
		{FDCC75AF-7D59-4109-AEEA-653422E1416F}.Debug|iPhoneSimulator.Build.0 = Debug|Any CPU
		{FDCC75AF-7D59-4109-AEEA-653422E1416F}.Debug|iPhoneSimulator.Deploy.0 = Debug|Any CPU
		{FDCC75AF-7D59-4109-AEEA-653422E1416F}.Debug|x64.ActiveCfg = Debug|Any CPU
		{FDCC75AF-7D59-4109-AEEA-653422E1416F}.Debug|x64.Build.0 = Debug|Any CPU
		{FDCC75AF-7D59-4109-AEEA-653422E1416F}.Debug|x64.Deploy.0 = Debug|Any CPU
		{FDCC75AF-7D59-4109-AEEA-653422E1416F}.Debug|x86.ActiveCfg = Debug|Any CPU
		{FDCC75AF-7D59-4109-AEEA-653422E1416F}.Debug|x86.Build.0 = Debug|Any CPU
		{FDCC75AF-7D59-4109-AEEA-653422E1416F}.Debug|x86.Deploy.0 = Debug|Any CPU
		{FDCC75AF-7D59-4109-AEEA-653422E1416F}.Release|Any CPU.ActiveCfg = Release|Any CPU
		{FDCC75AF-7D59-4109-AEEA-653422E1416F}.Release|Any CPU.Build.0 = Release|Any CPU
		{FDCC75AF-7D59-4109-AEEA-653422E1416F}.Release|Any CPU.Deploy.0 = Release|Any CPU
		{FDCC75AF-7D59-4109-AEEA-653422E1416F}.Release|ARM.ActiveCfg = Release|Any CPU
		{FDCC75AF-7D59-4109-AEEA-653422E1416F}.Release|ARM.Build.0 = Release|Any CPU
		{FDCC75AF-7D59-4109-AEEA-653422E1416F}.Release|ARM.Deploy.0 = Release|Any CPU
		{FDCC75AF-7D59-4109-AEEA-653422E1416F}.Release|iPhone.ActiveCfg = Release|Any CPU
		{FDCC75AF-7D59-4109-AEEA-653422E1416F}.Release|iPhone.Build.0 = Release|Any CPU
		{FDCC75AF-7D59-4109-AEEA-653422E1416F}.Release|iPhone.Deploy.0 = Release|Any CPU
		{FDCC75AF-7D59-4109-AEEA-653422E1416F}.Release|iPhoneSimulator.ActiveCfg = Release|Any CPU
		{FDCC75AF-7D59-4109-AEEA-653422E1416F}.Release|iPhoneSimulator.Build.0 = Release|Any CPU
		{FDCC75AF-7D59-4109-AEEA-653422E1416F}.Release|iPhoneSimulator.Deploy.0 = Release|Any CPU
		{FDCC75AF-7D59-4109-AEEA-653422E1416F}.Release|x64.ActiveCfg = Release|Any CPU
		{FDCC75AF-7D59-4109-AEEA-653422E1416F}.Release|x64.Build.0 = Release|Any CPU
		{FDCC75AF-7D59-4109-AEEA-653422E1416F}.Release|x64.Deploy.0 = Release|Any CPU
		{FDCC75AF-7D59-4109-AEEA-653422E1416F}.Release|x86.ActiveCfg = Release|Any CPU
		{FDCC75AF-7D59-4109-AEEA-653422E1416F}.Release|x86.Build.0 = Release|Any CPU
		{FDCC75AF-7D59-4109-AEEA-653422E1416F}.Release|x86.Deploy.0 = Release|Any CPU
	EndGlobalSection
	GlobalSection(SolutionProperties) = preSolution
		HideSolutionNode = FALSE
	EndGlobalSection
	GlobalSection(ExtensibilityGlobals) = postSolution
		SolutionGuid = {F2F24BF6-E2EE-4C8B-A87F-9CEA82AC4584}
	EndGlobalSection
EndGlobal
